
Microsoft Visual Studio Solution File, Format Version 12.00
Project("{FAE04EC0-301F-11D3-BF4B-00C04F79EFBC}") = "Chaucer.OpenLibraryService", "Chaucer.OpenLibraryService\Chaucer.OpenLibraryService.csproj", "{9288930A-AB01-4203-A720-B8D69ED5E677}"
EndProject
Project("{FAE04EC0-301F-11D3-BF4B-00C04F79EFBC}") = "Chaucer.Common", "Chaucer.Common\Chaucer.Common.csproj", "{2BE2696B-489E-4BE0-BB61-882360C4F67A}"
EndProject
Project("{FAE04EC0-301F-11D3-BF4B-00C04F79EFBC}") = "Chaucer.Backend", "Chaucer.Backend\Chaucer.Backend.csproj", "{2D7EF25B-48B4-408E-936E-CC3767168EEE}"
EndProject
Global
	GlobalSection(SolutionConfigurationPlatforms) = preSolution
		Debug|Any CPU = Debug|Any CPU
		Release|Any CPU = Release|Any CPU
	EndGlobalSection
	GlobalSection(ProjectConfigurationPlatforms) = postSolution
		{9288930A-AB01-4203-A720-B8D69ED5E677}.Debug|Any CPU.ActiveCfg = Debug|Any CPU
		{9288930A-AB01-4203-A720-B8D69ED5E677}.Debug|Any CPU.Build.0 = Debug|Any CPU
		{9288930A-AB01-4203-A720-B8D69ED5E677}.Release|Any CPU.ActiveCfg = Release|Any CPU
		{9288930A-AB01-4203-A720-B8D69ED5E677}.Release|Any CPU.Build.0 = Release|Any CPU
		{2BE2696B-489E-4BE0-BB61-882360C4F67A}.Debug|Any CPU.ActiveCfg = Debug|Any CPU
		{2BE2696B-489E-4BE0-BB61-882360C4F67A}.Debug|Any CPU.Build.0 = Debug|Any CPU
		{2BE2696B-489E-4BE0-BB61-882360C4F67A}.Release|Any CPU.ActiveCfg = Release|Any CPU
		{2BE2696B-489E-4BE0-BB61-882360C4F67A}.Release|Any CPU.Build.0 = Release|Any CPU
		{2D7EF25B-48B4-408E-936E-CC3767168EEE}.Debug|Any CPU.ActiveCfg = Debug|Any CPU
		{2D7EF25B-48B4-408E-936E-CC3767168EEE}.Debug|Any CPU.Build.0 = Debug|Any CPU
		{2D7EF25B-48B4-408E-936E-CC3767168EEE}.Release|Any CPU.ActiveCfg = Release|Any CPU
		{2D7EF25B-48B4-408E-936E-CC3767168EEE}.Release|Any CPU.Build.0 = Release|Any CPU
	EndGlobalSection
EndGlobal
